
Microsoft Visual Studio Solution File, Format Version 12.00
# Visual Studio 15
VisualStudioVersion = 15.0.27703.2018
MinimumVisualStudioVersion = 10.0.40219.1
Project("{FAE04EC0-301F-11D3-BF4B-00C04F79EFBC}") = "WebApiDers2AttributeBasedRouting", "WebApiDers2AttributeBasedRouting\WebApiDers2AttributeBasedRouting.csproj", "{775C50E4-D355-49DB-A067-41BD9D75EAB5}"
EndProject
Global
	GlobalSection(SolutionConfigurationPlatforms) = preSolution
		Debug|Any CPU = Debug|Any CPU
		Release|Any CPU = Release|Any CPU
	EndGlobalSection
	GlobalSection(ProjectConfigurationPlatforms) = postSolution
		{775C50E4-D355-49DB-A067-41BD9D75EAB5}.Debug|Any CPU.ActiveCfg = Debug|Any CPU
		{775C50E4-D355-49DB-A067-41BD9D75EAB5}.Debug|Any CPU.Build.0 = Debug|Any CPU
		{775C50E4-D355-49DB-A067-41BD9D75EAB5}.Release|Any CPU.ActiveCfg = Release|Any CPU
		{775C50E4-D355-49DB-A067-41BD9D75EAB5}.Release|Any CPU.Build.0 = Release|Any CPU
	EndGlobalSection
	GlobalSection(SolutionProperties) = preSolution
		HideSolutionNode = FALSE
	EndGlobalSection
	GlobalSection(ExtensibilityGlobals) = postSolution
		SolutionGuid = {818F21CA-2B09-4D17-965E-A19C2CB37733}
	EndGlobalSection
EndGlobal
